
Microsoft Visual Studio Solution File, Format Version 12.00
# Visual Studio Version 17
VisualStudioVersion = 17.8.34322.80
MinimumVisualStudioVersion = 10.0.40219.1
Project("{FAE04EC0-301F-11D3-BF4B-00C04F79EFBC}") = "ShradhaBookStore", "ShradhaBookStore\ShradhaBookStore.csproj", "{C078023D-1769-4431-B6B0-7445A01DA5E7}"
EndProject
Global
	GlobalSection(SolutionConfigurationPlatforms) = preSolution
		Debug|Any CPU = Debug|Any CPU
		Release|Any CPU = Release|Any CPU
	EndGlobalSection
	GlobalSection(ProjectConfigurationPlatforms) = postSolution
		{C078023D-1769-4431-B6B0-7445A01DA5E7}.Debug|Any CPU.ActiveCfg = Debug|Any CPU
		{C078023D-1769-4431-B6B0-7445A01DA5E7}.Debug|Any CPU.Build.0 = Debug|Any CPU
		{C078023D-1769-4431-B6B0-7445A01DA5E7}.Release|Any CPU.ActiveCfg = Release|Any CPU
		{C078023D-1769-4431-B6B0-7445A01DA5E7}.Release|Any CPU.Build.0 = Release|Any CPU
	EndGlobalSection
	GlobalSection(SolutionProperties) = preSolution
		HideSolutionNode = FALSE
	EndGlobalSection
	GlobalSection(ExtensibilityGlobals) = postSolution
		SolutionGuid = {50429FE4-BF3D-454A-8310-B4AA6DE41B0B}
	EndGlobalSection
EndGlobal
